
Microsoft Visual Studio Solution File, Format Version 12.00
# Visual Studio Version 17
VisualStudioVersion = 17.0.32014.148
MinimumVisualStudioVersion = 10.0.40219.1
Project("{FAE04EC0-301F-11D3-BF4B-00C04F79EFBC}") = "wpf-little-toolkit-dotnet6", "wpf-little-toolkit-dotnet6\wpf-little-toolkit-dotnet6.csproj", "{B7422160-DE0F-46C8-A9F1-ED08F36B30C7}"
EndProject
Global
	GlobalSection(SolutionConfigurationPlatforms) = preSolution
		Debug|Any CPU = Debug|Any CPU
		Release|Any CPU = Release|Any CPU
	EndGlobalSection
	GlobalSection(ProjectConfigurationPlatforms) = postSolution
		{B7422160-DE0F-46C8-A9F1-ED08F36B30C7}.Debug|Any CPU.ActiveCfg = Debug|Any CPU
		{B7422160-DE0F-46C8-A9F1-ED08F36B30C7}.Debug|Any CPU.Build.0 = Debug|Any CPU
		{B7422160-DE0F-46C8-A9F1-ED08F36B30C7}.Release|Any CPU.ActiveCfg = Release|Any CPU
		{B7422160-DE0F-46C8-A9F1-ED08F36B30C7}.Release|Any CPU.Build.0 = Release|Any CPU
	EndGlobalSection
	GlobalSection(SolutionProperties) = preSolution
		HideSolutionNode = FALSE
	EndGlobalSection
	GlobalSection(ExtensibilityGlobals) = postSolution
		SolutionGuid = {CFF6CC2B-2952-427E-BB47-D3C89FC2A0EF}
	EndGlobalSection
EndGlobal
